
Microsoft Visual Studio Solution File, Format Version 12.00
# Visual Studio Version 17
VisualStudioVersion = 17.6.33829.357
MinimumVisualStudioVersion = 10.0.40219.1
Project("{911E67C6-3D85-4FCE-B560-20A9C3E3FF48}") = "Ex03.ConsoleUI", "Ex03.ConsoleUI\bin\Debug\Ex03.ConsoleUI.exe", "{2009B6E4-CDA0-4631-A85D-E62573424E87}"
	ProjectSection(DebuggerProjectSystem) = preProject
		PortSupplier = 00000000-0000-0000-0000-000000000000
		Executable = C:\Users\idoel\OneDrive - Sapir College\קורסים\שנה ב\c#\תרגילים\CS_assignment3\C23 Ex02 Sagi 316584622 Ido 316476340\Ex03.ConsoleUI\bin\Debug\Ex03.ConsoleUI.exe
		RemoteMachine = LAPTOP-5MCM5GN3
		StartingDirectory = C:\Users\idoel\OneDrive - Sapir College\קורסים\שנה ב\c#\תרגילים\CS_assignment3\C23 Ex02 Sagi 316584622 Ido 316476340\Ex03.ConsoleUI\bin\Debug
		Environment = Default
		LaunchingEngine = 00000000-0000-0000-0000-000000000000
		UseLegacyDebugEngines = No
		LaunchSQLEngine = No
		AttachLaunchAction = No
		IORedirection = Auto
	EndProjectSection
EndProject
Global
	GlobalSection(SolutionConfigurationPlatforms) = preSolution
		Release|x86 = Release|x86
	EndGlobalSection
	GlobalSection(ProjectConfigurationPlatforms) = postSolution
		{2009B6E4-CDA0-4631-A85D-E62573424E87}.Release|x86.ActiveCfg = Release|x86
	EndGlobalSection
	GlobalSection(SolutionProperties) = preSolution
		HideSolutionNode = FALSE
	EndGlobalSection
	GlobalSection(ExtensibilityGlobals) = postSolution
		SolutionGuid = {E3DF9F02-C066-490C-93A8-D325C10D148F}
	EndGlobalSection
EndGlobal
