
Microsoft Visual Studio Solution File, Format Version 12.00
# Visual Studio Version 17
VisualStudioVersion = 17.6.33829.357
MinimumVisualStudioVersion = 10.0.40219.1
Project("{FAE04EC0-301F-11D3-BF4B-00C04F79EFBC}") = "Ex03.GarageLogic", "Project1\Ex03.GarageLogic.csproj", "{B80F2BF8-AE88-41A4-A6BE-921EFB50E07B}"
EndProject
Project("{FAE04EC0-301F-11D3-BF4B-00C04F79EFBC}") = "Ex03.ConsoleUI", "Project2\Ex03.ConsoleUI.csproj", "{53957C01-5480-4D8E-A3B8-39A113594E4E}"
EndProject
Global
	GlobalSection(SolutionConfigurationPlatforms) = preSolution
		Debug|Any CPU = Debug|Any CPU
		Release|Any CPU = Release|Any CPU
	EndGlobalSection
	GlobalSection(ProjectConfigurationPlatforms) = postSolution
		{B80F2BF8-AE88-41A4-A6BE-921EFB50E07B}.Debug|Any CPU.ActiveCfg = Debug|Any CPU
		{B80F2BF8-AE88-41A4-A6BE-921EFB50E07B}.Debug|Any CPU.Build.0 = Debug|Any CPU
		{B80F2BF8-AE88-41A4-A6BE-921EFB50E07B}.Release|Any CPU.ActiveCfg = Release|Any CPU
		{B80F2BF8-AE88-41A4-A6BE-921EFB50E07B}.Release|Any CPU.Build.0 = Release|Any CPU
		{53957C01-5480-4D8E-A3B8-39A113594E4E}.Debug|Any CPU.ActiveCfg = Debug|Any CPU
		{53957C01-5480-4D8E-A3B8-39A113594E4E}.Debug|Any CPU.Build.0 = Debug|Any CPU
		{53957C01-5480-4D8E-A3B8-39A113594E4E}.Release|Any CPU.ActiveCfg = Release|Any CPU
		{53957C01-5480-4D8E-A3B8-39A113594E4E}.Release|Any CPU.Build.0 = Release|Any CPU
	EndGlobalSection
	GlobalSection(SolutionProperties) = preSolution
		HideSolutionNode = FALSE
	EndGlobalSection
	GlobalSection(ExtensibilityGlobals) = postSolution
		SolutionGuid = {E3DF9F02-C066-490C-93A8-D325C10D148F}
	EndGlobalSection
EndGlobal
